// !$*UTF8*$!
{
	archiveVersion = 1;
	classes = {
	};
	objectVersion = 46;
	objects = {

/* Begin PBXBuildFile section */
		891DD40F1C54EE350059002D /* AppDelegate.swift in Sources */ = {isa = PBXBuildFile; fileRef = 891DD40E1C54EE350059002D /* AppDelegate.swift */; };
		891DD4111C54EE350059002D /* ViewController.swift in Sources */ = {isa = PBXBuildFile; fileRef = 891DD4101C54EE350059002D /* ViewController.swift */; };
		891DD4141C54EE350059002D /* Main.storyboard in Resources */ = {isa = PBXBuildFile; fileRef = 891DD4121C54EE350059002D /* Main.storyboard */; };
		891DD4171C54EE350059002D /* CustomSearchbar.xcdatamodeld in Sources */ = {isa = PBXBuildFile; fileRef = 891DD4151C54EE350059002D /* CustomSearchbar.xcdatamodeld */; };
		891DD4191C54EE350059002D /* Assets.xcassets in Resources */ = {isa = PBXBuildFile; fileRef = 891DD4181C54EE350059002D /* Assets.xcassets */; };
		891DD41C1C54EE350059002D /* LaunchScreen.storyboard in Resources */ = {isa = PBXBuildFile; fileRef = 891DD41A1C54EE350059002D /* LaunchScreen.storyboard */; };
		891DD4271C54EE350059002D /* CustomSearchbarTests.swift in Sources */ = {isa = PBXBuildFile; fileRef = 891DD4261C54EE350059002D /* CustomSearchbarTests.swift */; };
		891DD4321C54EE350059002D /* CustomSearchbarUITests.swift in Sources */ = {isa = PBXBuildFile; fileRef = 891DD4311C54EE350059002D /* CustomSearchbarUITests.swift */; };
/* End PBXBuildFile section */

/* Begin PBXContainerItemProxy section */
		891DD4231C54EE350059002D /* PBXContainerItemProxy */ = {
			isa = PBXContainerItemProxy;
			containerPortal = 891DD4031C54EE350059002D /* Project object */;
			proxyType = 1;
			remoteGlobalIDString = 891DD40A1C54EE350059002D;
			remoteInfo = CustomSearchbar;
		};
		891DD42E1C54EE350059002D /* PBXContainerItemProxy */ = {
			isa = PBXContainerItemProxy;
			containerPortal = 891DD4031C54EE350059002D /* Project object */;
			proxyType = 1;
			remoteGlobalIDString = 891DD40A1C54EE350059002D;
			remoteInfo = CustomSearchbar;
		};
/* End PBXContainerItemProxy section */

/* Begin PBXFileReference section */
		891DD40B1C54EE350059002D /* CustomSearchbar.app */ = {isa = PBXFileReference; explicitFileType = wrapper.application; includeInIndex = 0; path = CustomSearchbar.app; sourceTree = BUILT_PRODUCTS_DIR; };
		891DD40E1C54EE350059002D /* AppDelegate.swift */ = {isa = PBXFileReference; lastKnownFileType = sourcecode.swift; path = AppDelegate.swift; sourceTree = "<group>"; };
		891DD4101C54EE350059002D /* ViewController.swift */ = {isa = PBXFileReference; lastKnownFileType = sourcecode.swift; path = ViewController.swift; sourceTree = "<group>"; };
		891DD4131C54EE350059002D /* Base */ = {isa = PBXFileReference; lastKnownFileType = file.storyboard; name = Base; path = Base.lproj/Main.storyboard; sourceTree = "<group>"; };
		891DD4161C54EE350059002D /* CustomSearchbar.xcdatamodel */ = {isa = PBXFileReference; lastKnownFileType = wrapper.xcdatamodel; path = CustomSearchbar.xcdatamodel; sourceTree = "<group>"; };
		891DD4181C54EE350059002D /* Assets.xcassets */ = {isa = PBXFileReference; lastKnownFileType = folder.assetcatalog; path = Assets.xcassets; sourceTree = "<group>"; };
		891DD41B1C54EE350059002D /* Base */ = {isa = PBXFileReference; lastKnownFileType = file.storyboard; name = Base; path = Base.lproj/LaunchScreen.storyboard; sourceTree = "<group>"; };
		891DD41D1C54EE350059002D /* Info.plist */ = {isa = PBXFileReference; lastKnownFileType = text.plist.xml; path = Info.plist; sourceTree = "<group>"; };
		891DD4221C54EE350059002D /* CustomSearchbarTests.xctest */ = {isa = PBXFileReference; explicitFileType = wrapper.cfbundle; includeInIndex = 0; path = CustomSearchbarTests.xctest; sourceTree = BUILT_PRODUCTS_DIR; };
		891DD4261C54EE350059002D /* CustomSearchbarTests.swift */ = {isa = PBXFileReference; lastKnownFileType = sourcecode.swift; path = CustomSearchbarTests.swift; sourceTree = "<group>"; };
		891DD4281C54EE350059002D /* Info.plist */ = {isa = PBXFileReference; lastKnownFileType = text.plist.xml; path = Info.plist; sourceTree = "<group>"; };
		891DD42D1C54EE350059002D /* CustomSearchbarUITests.xctest */ = {isa = PBXFileReference; explicitFileType = wrapper.cfbundle; includeInIndex = 0; path = CustomSearchbarUITests.xctest; sourceTree = BUILT_PRODUCTS_DIR; };
		891DD4311C54EE350059002D /* CustomSearchbarUITests.swift */ = {isa = PBXFileReference; lastKnownFileType = sourcecode.swift; path = CustomSearchbarUITests.swift; sourceTree = "<group>"; };
		891DD4331C54EE350059002D /* Info.plist */ = {isa = PBXFileReference; lastKnownFileType = text.plist.xml; path = Info.plist; sourceTree = "<group>"; };
/* End PBXFileReference section */

/* Begin PBXFrameworksBuildPhase section */
		891DD4081C54EE350059002D /* Frameworks */ = {
			isa = PBXFrameworksBuildPhase;
			buildActionMask = 2147483647;
			files = (
			);
			runOnlyForDeploymentPostprocessing = 0;
		};
		891DD41F1C54EE350059002D /* Frameworks */ = {
			isa = PBXFrameworksBuildPhase;
			buildActionMask = 2147483647;
			files = (
			);
			runOnlyForDeploymentPostprocessing = 0;
		};
		891DD42A1C54EE350059002D /* Frameworks */ = {
			isa = PBXFrameworksBuildPhase;
			buildActionMask = 2147483647;
			files = (
			);
			runOnlyForDeploymentPostprocessing = 0;
		};
/* End PBXFrameworksBuildPhase section */

/* Begin PBXGroup section */
		891DD4021C54EE350059002D = {
			isa = PBXGroup;
			children = (
				891DD40D1C54EE350059002D /* CustomSearchbar */,
				891DD4251C54EE350059002D /* CustomSearchbarTests */,
				891DD4301C54EE350059002D /* CustomSearchbarUITests */,
				891DD40C1C54EE350059002D /* Products */,
			);
			sourceTree = "<group>";
		};
		891DD40C1C54EE350059002D /* Products */ = {
			isa = PBXGroup;
			children = (
				891DD40B1C54EE350059002D /* CustomSearchbar.app */,
				891DD4221C54EE350059002D /* CustomSearchbarTests.xctest */,
				891DD42D1C54EE350059002D /* CustomSearchbarUITests.xctest */,
			);
			name = Products;
			sourceTree = "<group>";
		};
		891DD40D1C54EE350059002D /* CustomSearchbar */ = {
			isa = PBXGroup;
			children = (
				891DD40E1C54EE350059002D /* AppDelegate.swift */,
				891DD4101C54EE350059002D /* ViewController.swift */,
				891DD4121C54EE350059002D /* Main.storyboard */,
				891DD4181C54EE350059002D /* Assets.xcassets */,
				891DD41A1C54EE350059002D /* LaunchScreen.storyboard */,
				891DD41D1C54EE350059002D /* Info.plist */,
				891DD4151C54EE350059002D /* CustomSearchbar.xcdatamodeld */,
			);
			path = CustomSearchbar;
			sourceTree = "<group>";
		};
		891DD4251C54EE350059002D /* CustomSearchbarTests */ = {
			isa = PBXGroup;
			children = (
				891DD4261C54EE350059002D /* CustomSearchbarTests.swift */,
				891DD4281C54EE350059002D /* Info.plist */,
			);
			path = CustomSearchbarTests;
			sourceTree = "<group>";
		};
		891DD4301C54EE350059002D /* CustomSearchbarUITests */ = {
			isa = PBXGroup;
			children = (
				891DD4311C54EE350059002D /* CustomSearchbarUITests.swift */,
				891DD4331C54EE350059002D /* Info.plist */,
			);
			path = CustomSearchbarUITests;
			sourceTree = "<group>";
		};
/* End PBXGroup section */

/* Begin PBXNativeTarget section */
		891DD40A1C54EE350059002D /* CustomSearchbar */ = {
			isa = PBXNativeTarget;
			buildConfigurationList = 891DD4361C54EE350059002D /* Build configuration list for PBXNativeTarget "CustomSearchbar" */;
			buildPhases = (
				891DD4071C54EE350059002D /* Sources */,
				891DD4081C54EE350059002D /* Frameworks */,
				891DD4091C54EE350059002D /* Resources */,
			);
			buildRules = (
			);
			dependencies = (
			);
			name = CustomSearchbar;
			productName = CustomSearchbar;
			productReference = 891DD40B1C54EE350059002D /* CustomSearchbar.app */;
			productType = "com.apple.product-type.application";
		};
		891DD4211C54EE350059002D /* CustomSearchbarTests */ = {
			isa = PBXNativeTarget;
			buildConfigurationList = 891DD4391C54EE350059002D /* Build configuration list for PBXNativeTarget "CustomSearchbarTests" */;
			buildPhases = (
				891DD41E1C54EE350059002D /* Sources */,
				891DD41F1C54EE350059002D /* Frameworks */,
				891DD4201C54EE350059002D /* Resources */,
			);
			buildRules = (
			);
			dependencies = (
				891DD4241C54EE350059002D /* PBXTargetDependency */,
			);
			name = CustomSearchbarTests;
			productName = CustomSearchbarTests;
			productReference = 891DD4221C54EE350059002D /* CustomSearchbarTests.xctest */;
			productType = "com.apple.product-type.bundle.unit-test";
		};
		891DD42C1C54EE350059002D /* CustomSearchbarUITests */ = {
			isa = PBXNativeTarget;
			buildConfigurationList = 891DD43C1C54EE350059002D /* Build configuration list for PBXNativeTarget "CustomSearchbarUITests" */;
			buildPhases = (
				891DD4291C54EE350059002D /* Sources */,
				891DD42A1C54EE350059002D /* Frameworks */,
				891DD42B1C54EE350059002D /* Resources */,
			);
			buildRules = (
			);
			dependencies = (
				891DD42F1C54EE350059002D /* PBXTargetDependency */,
			);
			name = CustomSearchbarUITests;
			productName = CustomSearchbarUITests;
			productReference = 891DD42D1C54EE350059002D /* CustomSearchbarUITests.xctest */;
			productType = "com.apple.product-type.bundle.ui-testing";
		};
/* End PBXNativeTarget section */

/* Begin PBXProject section */
		891DD4031C54EE350059002D /* Project object */ = {
			isa = PBXProject;
			attributes = {
				LastSwiftUpdateCheck = 0730;
				LastUpgradeCheck = 0730;
				ORGANIZATIONNAME = Howard;
				TargetAttributes = {
					891DD40A1C54EE350059002D = {
						CreatedOnToolsVersion = 7.3;
					};
					891DD4211C54EE350059002D = {
						CreatedOnToolsVersion = 7.3;
						TestTargetID = 891DD40A1C54EE350059002D;
					};
					891DD42C1C54EE350059002D = {
						CreatedOnToolsVersion = 7.3;
						TestTargetID = 891DD40A1C54EE350059002D;
					};
				};
			};
			buildConfigurationList = 891DD4061C54EE350059002D /* Build configuration list for PBXProject "CustomSearchbar" */;
			compatibilityVersion = "Xcode 3.2";
			developmentRegion = English;
			hasScannedForEncodings = 0;
			knownRegions = (
				en,
				Base,
			);
			mainGroup = 891DD4021C54EE350059002D;
			productRefGroup = 891DD40C1C54EE350059002D /* Products */;
			projectDirPath = "";
			projectRoot = "";
			targets = (
				891DD40A1C54EE350059002D /* CustomSearchbar */,
				891DD4211C54EE350059002D /* CustomSearchbarTests */,
				891DD42C1C54EE350059002D /* CustomSearchbarUITests */,
			);
		};
/* End PBXProject section */

/* Begin PBXResourcesBuildPhase section */
		891DD4091C54EE350059002D /* Resources */ = {
			isa = PBXResourcesBuildPhase;
			buildActionMask = 2147483647;
			files = (
				891DD41C1C54EE350059002D /* LaunchScreen.storyboard in Resources */,
				891DD4191C54EE350059002D /* Assets.xcassets in Resources */,
				891DD4141C54EE350059002D /* Main.storyboard in Resources */,
			);
			runOnlyForDeploymentPostprocessing = 0;
		};
		891DD4201C54EE350059002D /* Resources */ = {
			isa = PBXResourcesBuildPhase;
			buildActionMask = 2147483647;
			files = (
			);
			runOnlyForDeploymentPostprocessing = 0;
		};
		891DD42B1C54EE350059002D /* Resources */ = {
			isa = PBXResourcesBuildPhase;
			buildActionMask = 2147483647;
			files = (
			);
			runOnlyForDeploymentPostprocessing = 0;
		};
/* End PBXResourcesBuildPhase section */

/* Begin PBXSourcesBuildPhase section */
		891DD4071C54EE350059002D /* Sources */ = {
			isa = PBXSourcesBuildPhase;
			buildActionMask = 2147483647;
			files = (
				891DD4111C54EE350059002D /* ViewController.swift in Sources */,
				891DD4171C54EE350059002D /* CustomSearchbar.xcdatamodeld in Sources */,
				891DD40F1C54EE350059002D /* AppDelegate.swift in Sources */,
			);
			runOnlyForDeploymentPostprocessing = 0;
		};
		891DD41E1C54EE350059002D /* Sources */ = {
			isa = PBXSourcesBuildPhase;
			buildActionMask = 2147483647;
			files = (
				891DD4271C54EE350059002D /* CustomSearchbarTests.swift in Sources */,
			);
			runOnlyForDeploymentPostprocessing = 0;
		};
		891DD4291C54EE350059002D /* Sources */ = {
			isa = PBXSourcesBuildPhase;
			buildActionMask = 2147483647;
			files = (
				891DD4321C54EE350059002D /* CustomSearchbarUITests.swift in Sources */,
			);
			runOnlyForDeploymentPostprocessing = 0;
		};
/* End PBXSourcesBuildPhase section */

/* Begin PBXTargetDependency section */
		891DD4241C54EE350059002D /* PBXTargetDependency */ = {
			isa = PBXTargetDependency;
			target = 891DD40A1C54EE350059002D /* CustomSearchbar */;
			targetProxy = 891DD4231C54EE350059002D /* PBXContainerItemProxy */;
		};
		891DD42F1C54EE350059002D /* PBXTargetDependency */ = {
			isa = PBXTargetDependency;
			target = 891DD40A1C54EE350059002D /* CustomSearchbar */;
			targetProxy = 891DD42E1C54EE350059002D /* PBXContainerItemProxy */;
		};
/* End PBXTargetDependency section */

/* Begin PBXVariantGroup section */
		891DD4121C54EE350059002D /* Main.storyboard */ = {
			isa = PBXVariantGroup;
			children = (
				891DD4131C54EE350059002D /* Base */,
			);
			name = Main.storyboard;
			sourceTree = "<group>";
		};
		891DD41A1C54EE350059002D /* LaunchScreen.storyboard */ = {
			isa = PBXVariantGroup;
			children = (
				891DD41B1C54EE350059002D /* Base */,
			);
			name = LaunchScreen.storyboard;
			sourceTree = "<group>";
		};
/* End PBXVariantGroup section */

/* Begin XCBuildConfiguration section */
		891DD4341C54EE350059002D /* Debug */ = {
			isa = XCBuildConfiguration;
			buildSettings = {
				ALWAYS_SEARCH_USER_PATHS = NO;
				CLANG_CXX_LANGUAGE_STANDARD = "gnu++0x";
				CLANG_CXX_LIBRARY = "libc++";
				CLANG_ENABLE_MODULES = YES;
				CLANG_ENABLE_OBJC_ARC = YES;
				CLANG_WARN_BOOL_CONVERSION = YES;
				CLANG_WARN_CONSTANT_CONVERSION = YES;
				CLANG_WARN_DIRECT_OBJC_ISA_USAGE = YES_ERROR;
				CLANG_WARN_EMPTY_BODY = YES;
				CLANG_WARN_ENUM_CONVERSION = YES;
				CLANG_WARN_INT_CONVERSION = YES;
				CLANG_WARN_OBJC_ROOT_CLASS = YES_ERROR;
				CLANG_WARN_UNREACHABLE_CODE = YES;
				CLANG_WARN__DUPLICATE_METHOD_MATCH = YES;
				"CODE_SIGN_IDENTITY[sdk=iphoneos*]" = "iPhone Developer";
				COPY_PHASE_STRIP = NO;
				DEBUG_INFORMATION_FORMAT = dwarf;
				ENABLE_STRICT_OBJC_MSGSEND = YES;
				ENABLE_TESTABILITY = YES;
				GCC_C_LANGUAGE_STANDARD = gnu99;
				GCC_DYNAMIC_NO_PIC = NO;
				GCC_NO_COMMON_BLOCKS = YES;
				GCC_OPTIMIZATION_LEVEL = 0;
				GCC_PREPROCESSOR_DEFINITIONS = (
					"DEBUG=1",
					"$(inherited)",
				);
				GCC_WARN_64_TO_32_BIT_CONVERSION = YES;
				GCC_WARN_ABOUT_RETURN_TYPE = YES_ERROR;
				GCC_WARN_UNDECLARED_SELECTOR = YES;
				GCC_WARN_UNINITIALIZED_AUTOS = YES_AGGRESSIVE;
				GCC_WARN_UNUSED_FUNCTION = YES;
				GCC_WARN_UNUSED_VARIABLE = YES;
				IPHONEOS_DEPLOYMENT_TARGET = 9.3;
				MTL_ENABLE_DEBUG_INFO = YES;
				ONLY_ACTIVE_ARCH = YES;
				SDKROOT = iphoneos;
				SWIFT_OPTIMIZATION_LEVEL = "-Onone";
				TARGETED_DEVICE_FAMILY = "1,2";
			};
			name = Debug;
		};
		891DD4351C54EE350059002D /* Release */ = {
			isa = XCBuildConfiguration;
			buildSettings = {
				ALWAYS_SEARCH_USER_PATHS = NO;
				CLANG_CXX_LANGUAGE_STANDARD = "gnu++0x";
				CLANG_CXX_LIBRARY = "libc++";
				CLANG_ENABLE_MODULES = YES;
				CLANG_ENABLE_OBJC_ARC = YES;
				CLANG_WARN_BOOL_CONVERSION = YES;
				CLANG_WARN_CONSTANT_CONVERSION = YES;
				CLANG_WARN_DIRECT_OBJC_ISA_USAGE = YES_ERROR;
				CLANG_WARN_EMPTY_BODY = YES;
				CLANG_WARN_ENUM_CONVERSION = YES;
				CLANG_WARN_INT_CONVERSION = YES;
				CLANG_WARN_OBJC_ROOT_CLASS = YES_ERROR;
				CLANG_WARN_UNREACHABLE_CODE = YES;
				CLANG_WARN__DUPLICATE_METHOD_MATCH = YES;
				"CODE_SIGN_IDENTITY[sdk=iphoneos*]" = "iPhone Developer";
				COPY_PHASE_STRIP = NO;
				DEBUG_INFORMATION_FORMAT = "dwarf-with-dsym";
				ENABLE_NS_ASSERTIONS = NO;
				ENABLE_STRICT_OBJC_MSGSEND = YES;
				GCC_C_LANGUAGE_STANDARD = gnu99;
				GCC_NO_COMMON_BLOCKS = YES;
				GCC_WARN_64_TO_32_BIT_CONVERSION = YES;
				GCC_WARN_ABOUT_RETURN_TYPE = YES_ERROR;
				GCC_WARN_UNDECLARED_SELECTOR = YES;
				GCC_WARN_UNINITIALIZED_AUTOS = YES_AGGRESSIVE;
				GCC_WARN_UNUSED_FUNCTION = YES;
				GCC_WARN_UNUSED_VARIABLE = YES;
				IPHONEOS_DEPLOYMENT_TARGET = 9.3;
				MTL_ENABLE_DEBUG_INFO = NO;
				SDKROOT = iphoneos;
				TARGETED_DEVICE_FAMILY = "1,2";
				VALIDATE_PRODUCT = YES;
			};
			name = Release;
		};
		891DD4371C54EE350059002D /* Debug */ = {
			isa = XCBuildConfiguration;
			buildSettings = {
				ASSETCATALOG_COMPILER_APPICON_NAME = AppIcon;
				INFOPLIST_FILE = CustomSearchbar/Info.plist;
				LD_RUNPATH_SEARCH_PATHS = "$(inherited) @executable_path/Frameworks";
				PRODUCT_BUNDLE_IDENTIFIER = com.self.Hoooward.CustomSearchbar;
				PRODUCT_NAME = "$(TARGET_NAME)";
			};
			name = Debug;
		};
		891DD4381C54EE350059002D /* Release */ = {
			isa = XCBuildConfiguration;
			buildSettings = {
				ASSETCATALOG_COMPILER_APPICON_NAME = AppIcon;
				INFOPLIST_FILE = CustomSearchbar/Info.plist;
				LD_RUNPATH_SEARCH_PATHS = "$(inherited) @executable_path/Frameworks";
				PRODUCT_BUNDLE_IDENTIFIER = com.self.Hoooward.CustomSearchbar;
				PRODUCT_NAME = "$(TARGET_NAME)";
			};
			name = Release;
		};
		891DD43A1C54EE350059002D /* Debug */ = {
			isa = XCBuildConfiguration;
			buildSettings = {
				BUNDLE_LOADER = "$(TEST_HOST)";
				INFOPLIST_FILE = CustomSearchbarTests/Info.plist;
				LD_RUNPATH_SEARCH_PATHS = "$(inherited) @executable_path/Frameworks @loader_path/Frameworks";
				PRODUCT_BUNDLE_IDENTIFIER = com.self.Hoooward.CustomSearchbarTests;
				PRODUCT_NAME = "$(TARGET_NAME)";
				TEST_HOST = "$(BUILT_PRODUCTS_DIR)/CustomSearchbar.app/CustomSearchbar";
			};
			name = Debug;
		};
		891DD43B1C54EE350059002D /* Release */ = {
			isa = XCBuildConfiguration;
			buildSettings = {
				BUNDLE_LOADER = "$(TEST_HOST)";
				INFOPLIST_FILE = CustomSearchbarTests/Info.plist;
				LD_RUNPATH_SEARCH_PATHS = "$(inherited) @executable_path/Frameworks @loader_path/Frameworks";
				PRODUCT_BUNDLE_IDENTIFIER = com.self.Hoooward.CustomSearchbarTests;
				PRODUCT_NAME = "$(TARGET_NAME)";
				TEST_HOST = "$(BUILT_PRODUCTS_DIR)/CustomSearchbar.app/CustomSearchbar";
			};
			name = Release;
		};
		891DD43D1C54EE350059002D /* Debug */ = {
			isa = XCBuildConfiguration;
			buildSettings = {
				INFOPLIST_FILE = CustomSearchbarUITests/Info.plist;
				LD_RUNPATH_SEARCH_PATHS = "$(inherited) @executable_path/Frameworks @loader_path/Frameworks";
				PRODUCT_BUNDLE_IDENTIFIER = com.self.Hoooward.CustomSearchbarUITests;
				PRODUCT_NAME = "$(TARGET_NAME)";
				TEST_TARGET_NAME = CustomSearchbar;
			};
			name = Debug;
		};
		891DD43E1C54EE350059002D /* Release */ = {
			isa = XCBuildConfiguration;
			buildSettings = {
				INFOPLIST_FILE = CustomSearchbarUITests/Info.plist;
				LD_RUNPATH_SEARCH_PATHS = "$(inherited) @executable_path/Frameworks @loader_path/Frameworks";
				PRODUCT_BUNDLE_IDENTIFIER = com.self.Hoooward.CustomSearchbarUITests;
				PRODUCT_NAME = "$(TARGET_NAME)";
				TEST_TARGET_NAME = CustomSearchbar;
			};
			name = Release;
		};
/* End XCBuildConfiguration section */

/* Begin XCConfigurationList section */
		891DD4061C54EE350059002D /* Build configuration list for PBXProject "CustomSearchbar" */ = {
			isa = XCConfigurationList;
			buildConfigurations = (
				891DD4341C54EE350059002D /* Debug */,
				891DD4351C54EE350059002D /* Release */,
			);
			defaultConfigurationIsVisible = 0;
			defaultConfigurationName = Release;
		};
		891DD4361C54EE350059002D /* Build configuration list for PBXNativeTarget "CustomSearchbar" */ = {
			isa = XCConfigurationList;
			buildConfigurations = (
				891DD4371C54EE350059002D /* Debug */,
				891DD4381C54EE350059002D /* Release */,
			);
			defaultConfigurationIsVisible = 0;
		};
		891DD4391C54EE350059002D /* Build configuration list for PBXNativeTarget "CustomSearchbarTests" */ = {
			isa = XCConfigurationList;
			buildConfigurations = (
				891DD43A1C54EE350059002D /* Debug */,
				891DD43B1C54EE350059002D /* Release */,
			);
			defaultConfigurationIsVisible = 0;
		};
		891DD43C1C54EE350059002D /* Build configuration list for PBXNativeTarget "CustomSearchbarUITests" */ = {
			isa = XCConfigurationList;
			buildConfigurations = (
				891DD43D1C54EE350059002D /* Debug */,
				891DD43E1C54EE350059002D /* Release */,
			);
			defaultConfigurationIsVisible = 0;
		};
/* End XCConfigurationList section */

/* Begin XCVersionGroup section */
		891DD4151C54EE350059002D /* CustomSearchbar.xcdatamodeld */ = {
			isa = XCVersionGroup;
			children = (
				891DD4161C54EE350059002D /* CustomSearchbar.xcdatamodel */,
			);
			currentVersion = 891DD4161C54EE350059002D /* CustomSearchbar.xcdatamodel */;
			path = CustomSearchbar.xcdatamodeld;
			sourceTree = "<group>";
			versionGroupType = wrapper.xcdatamodel;
		};
/* End XCVersionGroup section */
	};
	rootObject = 891DD4031C54EE350059002D /* Project object */;
}
